
Microsoft Visual Studio Solution File, Format Version 12.00
# Visual Studio Version 16
VisualStudioVersion = 16.0.29519.87
MinimumVisualStudioVersion = 10.0.40219.1
Project("{FAE04EC0-301F-11D3-BF4B-00C04F79EFBC}") = "DistrictPlayGroundManagementSystem", "DistrictPlayGroundManagementSystem\DistrictPlayGroundManagementSystem.csproj", "{946CF43E-9F2D-4EA2-9A3D-1B4FF624848F}"
EndProject
Global
	GlobalSection(SolutionConfigurationPlatforms) = preSolution
		Debug|Any CPU = Debug|Any CPU
		Release|Any CPU = Release|Any CPU
	EndGlobalSection
	GlobalSection(ProjectConfigurationPlatforms) = postSolution
		{946CF43E-9F2D-4EA2-9A3D-1B4FF624848F}.Debug|Any CPU.ActiveCfg = Debug|Any CPU
		{946CF43E-9F2D-4EA2-9A3D-1B4FF624848F}.Debug|Any CPU.Build.0 = Debug|Any CPU
		{946CF43E-9F2D-4EA2-9A3D-1B4FF624848F}.Release|Any CPU.ActiveCfg = Release|Any CPU
		{946CF43E-9F2D-4EA2-9A3D-1B4FF624848F}.Release|Any CPU.Build.0 = Release|Any CPU
	EndGlobalSection
	GlobalSection(SolutionProperties) = preSolution
		HideSolutionNode = FALSE
	EndGlobalSection
	GlobalSection(ExtensibilityGlobals) = postSolution
		SolutionGuid = {48235D3D-87B5-4F93-9276-A08E2D30FD27}
	EndGlobalSection
EndGlobal
